
Microsoft Visual Studio Solution File, Format Version 12.00
# Visual Studio Version 17
VisualStudioVersion = 17.2.32616.157
MinimumVisualStudioVersion = 10.0.40219.1
Project("{9A19103F-16F7-4668-BE54-9A1E7A4F7556}") = "Entity", "Entity\Entity.csproj", "{18AF5CEC-7002-474B-B12E-2892637FE8CE}"
EndProject
Project("{9A19103F-16F7-4668-BE54-9A1E7A4F7556}") = "DAL", "DAL\DAL.csproj", "{D28BA5EF-9CAC-4A6F-80BD-DF927D2E8146}"
EndProject
Project("{9A19103F-16F7-4668-BE54-9A1E7A4F7556}") = "BLL", "BLL\BLL.csproj", "{56D98629-CA3D-41CB-9121-F3CC52B258BC}"
EndProject
Project("{9A19103F-16F7-4668-BE54-9A1E7A4F7556}") = "Core", "Core\Core.csproj", "{41FCF50C-575B-44C5-9AEF-20F58DA126A9}"
EndProject
Project("{2150E333-8FDC-42A3-9474-1A3956D46DE8}") = "BackEnd", "BackEnd", "{05CA18F8-0C6D-49AD-AC15-8994469E7B9C}"
EndProject
Project("{2150E333-8FDC-42A3-9474-1A3956D46DE8}") = "Test", "Test", "{838D173D-758E-462C-B6D4-0A27DE9812F1}"
EndProject
Project("{9A19103F-16F7-4668-BE54-9A1E7A4F7556}") = "Test", "Test\Test.csproj", "{352E3371-FF16-4EDE-87CE-61C390C42DF1}"
EndProject
Project("{2150E333-8FDC-42A3-9474-1A3956D46DE8}") = "UI", "UI", "{289B381B-0C40-4233-8181-E91CAA5A45D9}"
EndProject
Project("{FAE04EC0-301F-11D3-BF4B-00C04F79EFBC}") = "WebApp", "WebApp\WebApp.csproj", "{B61D48AF-3A06-48E5-A15D-3EE58E0776F2}"
EndProject
Global
	GlobalSection(SolutionConfigurationPlatforms) = preSolution
		Debug|Any CPU = Debug|Any CPU
		Release|Any CPU = Release|Any CPU
	EndGlobalSection
	GlobalSection(ProjectConfigurationPlatforms) = postSolution
		{18AF5CEC-7002-474B-B12E-2892637FE8CE}.Debug|Any CPU.ActiveCfg = Debug|Any CPU
		{18AF5CEC-7002-474B-B12E-2892637FE8CE}.Debug|Any CPU.Build.0 = Debug|Any CPU
		{18AF5CEC-7002-474B-B12E-2892637FE8CE}.Release|Any CPU.ActiveCfg = Release|Any CPU
		{18AF5CEC-7002-474B-B12E-2892637FE8CE}.Release|Any CPU.Build.0 = Release|Any CPU
		{D28BA5EF-9CAC-4A6F-80BD-DF927D2E8146}.Debug|Any CPU.ActiveCfg = Debug|Any CPU
		{D28BA5EF-9CAC-4A6F-80BD-DF927D2E8146}.Debug|Any CPU.Build.0 = Debug|Any CPU
		{D28BA5EF-9CAC-4A6F-80BD-DF927D2E8146}.Release|Any CPU.ActiveCfg = Release|Any CPU
		{D28BA5EF-9CAC-4A6F-80BD-DF927D2E8146}.Release|Any CPU.Build.0 = Release|Any CPU
		{56D98629-CA3D-41CB-9121-F3CC52B258BC}.Debug|Any CPU.ActiveCfg = Debug|Any CPU
		{56D98629-CA3D-41CB-9121-F3CC52B258BC}.Debug|Any CPU.Build.0 = Debug|Any CPU
		{56D98629-CA3D-41CB-9121-F3CC52B258BC}.Release|Any CPU.ActiveCfg = Release|Any CPU
		{56D98629-CA3D-41CB-9121-F3CC52B258BC}.Release|Any CPU.Build.0 = Release|Any CPU
		{41FCF50C-575B-44C5-9AEF-20F58DA126A9}.Debug|Any CPU.ActiveCfg = Debug|Any CPU
		{41FCF50C-575B-44C5-9AEF-20F58DA126A9}.Debug|Any CPU.Build.0 = Debug|Any CPU
		{41FCF50C-575B-44C5-9AEF-20F58DA126A9}.Release|Any CPU.ActiveCfg = Release|Any CPU
		{41FCF50C-575B-44C5-9AEF-20F58DA126A9}.Release|Any CPU.Build.0 = Release|Any CPU
		{352E3371-FF16-4EDE-87CE-61C390C42DF1}.Debug|Any CPU.ActiveCfg = Debug|Any CPU
		{352E3371-FF16-4EDE-87CE-61C390C42DF1}.Debug|Any CPU.Build.0 = Debug|Any CPU
		{352E3371-FF16-4EDE-87CE-61C390C42DF1}.Release|Any CPU.ActiveCfg = Release|Any CPU
		{352E3371-FF16-4EDE-87CE-61C390C42DF1}.Release|Any CPU.Build.0 = Release|Any CPU
		{B61D48AF-3A06-48E5-A15D-3EE58E0776F2}.Debug|Any CPU.ActiveCfg = Debug|Any CPU
		{B61D48AF-3A06-48E5-A15D-3EE58E0776F2}.Debug|Any CPU.Build.0 = Debug|Any CPU
		{B61D48AF-3A06-48E5-A15D-3EE58E0776F2}.Release|Any CPU.ActiveCfg = Release|Any CPU
		{B61D48AF-3A06-48E5-A15D-3EE58E0776F2}.Release|Any CPU.Build.0 = Release|Any CPU
	EndGlobalSection
	GlobalSection(SolutionProperties) = preSolution
		HideSolutionNode = FALSE
	EndGlobalSection
	GlobalSection(NestedProjects) = preSolution
		{18AF5CEC-7002-474B-B12E-2892637FE8CE} = {05CA18F8-0C6D-49AD-AC15-8994469E7B9C}
		{D28BA5EF-9CAC-4A6F-80BD-DF927D2E8146} = {05CA18F8-0C6D-49AD-AC15-8994469E7B9C}
		{56D98629-CA3D-41CB-9121-F3CC52B258BC} = {05CA18F8-0C6D-49AD-AC15-8994469E7B9C}
		{41FCF50C-575B-44C5-9AEF-20F58DA126A9} = {05CA18F8-0C6D-49AD-AC15-8994469E7B9C}
		{352E3371-FF16-4EDE-87CE-61C390C42DF1} = {838D173D-758E-462C-B6D4-0A27DE9812F1}
		{B61D48AF-3A06-48E5-A15D-3EE58E0776F2} = {289B381B-0C40-4233-8181-E91CAA5A45D9}
	EndGlobalSection
	GlobalSection(ExtensibilityGlobals) = postSolution
		SolutionGuid = {6E4919A0-558D-4812-A98A-89E13F825404}
	EndGlobalSection
EndGlobal
